
Microsoft Visual Studio Solution File, Format Version 12.00
# Visual Studio 2013
VisualStudioVersion = 12.0.20827.3
MinimumVisualStudioVersion = 10.0.40219.1
Project("{FAE04EC0-301F-11D3-BF4B-00C04F79EFBC}") = "WindowsRuntime.HttpClientFilters", "WinRtHttpClientHandler\WindowsRuntime.HttpClientFilters.csproj", "{7DBE6688-5960-4B28-8B90-9367C54D2EE0}"
EndProject
Project("{FAE04EC0-301F-11D3-BF4B-00C04F79EFBC}") = "WindowsRuntime.HttpClientFilters.Tests", "WinRtHttpClientHandler.Tests\WindowsRuntime.HttpClientFilters.Tests.csproj", "{D2763A24-94C4-40FD-87BC-EA5DCF8B0F30}"
EndProject
Project("{2150E333-8FDC-42A3-9474-1A3956D46DE8}") = "Solution Items", "Solution Items", "{384D7488-7706-4423-8B50-2B4EB6AB1F07}"
	ProjectSection(SolutionItems) = preProject
		README.md = README.md
		WinRtHttpClientHandler.nuspec = WinRtHttpClientHandler.nuspec
	EndProjectSection
EndProject
Global
	GlobalSection(SolutionConfigurationPlatforms) = preSolution
		Debug|Any CPU = Debug|Any CPU
		Debug|ARM = Debug|ARM
		Debug|x64 = Debug|x64
		Debug|x86 = Debug|x86
		Release|Any CPU = Release|Any CPU
		Release|ARM = Release|ARM
		Release|x64 = Release|x64
		Release|x86 = Release|x86
	EndGlobalSection
	GlobalSection(ProjectConfigurationPlatforms) = postSolution
		{7DBE6688-5960-4B28-8B90-9367C54D2EE0}.Debug|Any CPU.ActiveCfg = Debug|Any CPU
		{7DBE6688-5960-4B28-8B90-9367C54D2EE0}.Debug|Any CPU.Build.0 = Debug|Any CPU
		{7DBE6688-5960-4B28-8B90-9367C54D2EE0}.Debug|ARM.ActiveCfg = Debug|ARM
		{7DBE6688-5960-4B28-8B90-9367C54D2EE0}.Debug|ARM.Build.0 = Debug|ARM
		{7DBE6688-5960-4B28-8B90-9367C54D2EE0}.Debug|x64.ActiveCfg = Debug|x64
		{7DBE6688-5960-4B28-8B90-9367C54D2EE0}.Debug|x64.Build.0 = Debug|x64
		{7DBE6688-5960-4B28-8B90-9367C54D2EE0}.Debug|x86.ActiveCfg = Debug|x86
		{7DBE6688-5960-4B28-8B90-9367C54D2EE0}.Debug|x86.Build.0 = Debug|x86
		{7DBE6688-5960-4B28-8B90-9367C54D2EE0}.Release|Any CPU.ActiveCfg = Release|Any CPU
		{7DBE6688-5960-4B28-8B90-9367C54D2EE0}.Release|Any CPU.Build.0 = Release|Any CPU
		{7DBE6688-5960-4B28-8B90-9367C54D2EE0}.Release|ARM.ActiveCfg = Release|ARM
		{7DBE6688-5960-4B28-8B90-9367C54D2EE0}.Release|ARM.Build.0 = Release|ARM
		{7DBE6688-5960-4B28-8B90-9367C54D2EE0}.Release|x64.ActiveCfg = Release|x64
		{7DBE6688-5960-4B28-8B90-9367C54D2EE0}.Release|x64.Build.0 = Release|x64
		{7DBE6688-5960-4B28-8B90-9367C54D2EE0}.Release|x86.ActiveCfg = Release|x86
		{7DBE6688-5960-4B28-8B90-9367C54D2EE0}.Release|x86.Build.0 = Release|x86
		{D2763A24-94C4-40FD-87BC-EA5DCF8B0F30}.Debug|Any CPU.ActiveCfg = Debug|Any CPU
		{D2763A24-94C4-40FD-87BC-EA5DCF8B0F30}.Debug|Any CPU.Build.0 = Debug|Any CPU
		{D2763A24-94C4-40FD-87BC-EA5DCF8B0F30}.Debug|Any CPU.Deploy.0 = Debug|Any CPU
		{D2763A24-94C4-40FD-87BC-EA5DCF8B0F30}.Debug|ARM.ActiveCfg = Debug|ARM
		{D2763A24-94C4-40FD-87BC-EA5DCF8B0F30}.Debug|ARM.Build.0 = Debug|ARM
		{D2763A24-94C4-40FD-87BC-EA5DCF8B0F30}.Debug|ARM.Deploy.0 = Debug|ARM
		{D2763A24-94C4-40FD-87BC-EA5DCF8B0F30}.Debug|x64.ActiveCfg = Debug|x64
		{D2763A24-94C4-40FD-87BC-EA5DCF8B0F30}.Debug|x64.Build.0 = Debug|x64
		{D2763A24-94C4-40FD-87BC-EA5DCF8B0F30}.Debug|x64.Deploy.0 = Debug|x64
		{D2763A24-94C4-40FD-87BC-EA5DCF8B0F30}.Debug|x86.ActiveCfg = Debug|x86
		{D2763A24-94C4-40FD-87BC-EA5DCF8B0F30}.Debug|x86.Build.0 = Debug|x86
		{D2763A24-94C4-40FD-87BC-EA5DCF8B0F30}.Debug|x86.Deploy.0 = Debug|x86
		{D2763A24-94C4-40FD-87BC-EA5DCF8B0F30}.Release|Any CPU.ActiveCfg = Release|Any CPU
		{D2763A24-94C4-40FD-87BC-EA5DCF8B0F30}.Release|Any CPU.Build.0 = Release|Any CPU
		{D2763A24-94C4-40FD-87BC-EA5DCF8B0F30}.Release|Any CPU.Deploy.0 = Release|Any CPU
		{D2763A24-94C4-40FD-87BC-EA5DCF8B0F30}.Release|ARM.ActiveCfg = Release|ARM
		{D2763A24-94C4-40FD-87BC-EA5DCF8B0F30}.Release|ARM.Build.0 = Release|ARM
		{D2763A24-94C4-40FD-87BC-EA5DCF8B0F30}.Release|ARM.Deploy.0 = Release|ARM
		{D2763A24-94C4-40FD-87BC-EA5DCF8B0F30}.Release|x64.ActiveCfg = Release|x64
		{D2763A24-94C4-40FD-87BC-EA5DCF8B0F30}.Release|x64.Build.0 = Release|x64
		{D2763A24-94C4-40FD-87BC-EA5DCF8B0F30}.Release|x64.Deploy.0 = Release|x64
		{D2763A24-94C4-40FD-87BC-EA5DCF8B0F30}.Release|x86.ActiveCfg = Release|x86
		{D2763A24-94C4-40FD-87BC-EA5DCF8B0F30}.Release|x86.Build.0 = Release|x86
		{D2763A24-94C4-40FD-87BC-EA5DCF8B0F30}.Release|x86.Deploy.0 = Release|x86
	EndGlobalSection
	GlobalSection(SolutionProperties) = preSolution
		HideSolutionNode = FALSE
	EndGlobalSection
EndGlobal
